// !$*UTF8*$!
{
	archiveVersion = 1;
	classes = {
	};
	objectVersion = 46;
	objects = {

/* Begin PBXBuildFile section */
		2EA384FC7A4D8E0C6176396D /* Pods_BLPhotoAssetPickerController_Tests.framework in Frameworks */ = {isa = PBXBuildFile; fileRef = E63C27B0B477AC2CD36A5B5E /* Pods_BLPhotoAssetPickerController_Tests.framework */; };
		6003F58E195388D20070C39A /* Foundation.framework in Frameworks */ = {isa = PBXBuildFile; fileRef = 6003F58D195388D20070C39A /* Foundation.framework */; };
		6003F590195388D20070C39A /* CoreGraphics.framework in Frameworks */ = {isa = PBXBuildFile; fileRef = 6003F58F195388D20070C39A /* CoreGraphics.framework */; };
		6003F592195388D20070C39A /* UIKit.framework in Frameworks */ = {isa = PBXBuildFile; fileRef = 6003F591195388D20070C39A /* UIKit.framework */; };
		6003F598195388D20070C39A /* InfoPlist.strings in Resources */ = {isa = PBXBuildFile; fileRef = 6003F596195388D20070C39A /* InfoPlist.strings */; };
		6003F59A195388D20070C39A /* main.m in Sources */ = {isa = PBXBuildFile; fileRef = 6003F599195388D20070C39A /* main.m */; };
		6003F59E195388D20070C39A /* BLAppDelegate.m in Sources */ = {isa = PBXBuildFile; fileRef = 6003F59D195388D20070C39A /* BLAppDelegate.m */; };
		6003F5A9195388D20070C39A /* Images.xcassets in Resources */ = {isa = PBXBuildFile; fileRef = 6003F5A8195388D20070C39A /* Images.xcassets */; };
		6003F5B0195388D20070C39A /* XCTest.framework in Frameworks */ = {isa = PBXBuildFile; fileRef = 6003F5AF195388D20070C39A /* XCTest.framework */; };
		6003F5B1195388D20070C39A /* Foundation.framework in Frameworks */ = {isa = PBXBuildFile; fileRef = 6003F58D195388D20070C39A /* Foundation.framework */; };
		6003F5B2195388D20070C39A /* UIKit.framework in Frameworks */ = {isa = PBXBuildFile; fileRef = 6003F591195388D20070C39A /* UIKit.framework */; };
		6003F5BA195388D20070C39A /* InfoPlist.strings in Resources */ = {isa = PBXBuildFile; fileRef = 6003F5B8195388D20070C39A /* InfoPlist.strings */; };
		6003F5BC195388D20070C39A /* Tests.m in Sources */ = {isa = PBXBuildFile; fileRef = 6003F5BB195388D20070C39A /* Tests.m */; };
		63723E7A92D4869DDCAFC7BF /* Pods_BLPhotoAssetPickerController_Example.framework in Frameworks */ = {isa = PBXBuildFile; fileRef = 50C12E35CAF15CA6542AD67E /* Pods_BLPhotoAssetPickerController_Example.framework */; };
		6C3F87E61DCDEFB200CFC79B /* BLUserInterfaceTransitionService.m in Sources */ = {isa = PBXBuildFile; fileRef = 6C3F87E51DCDEFB200CFC79B /* BLUserInterfaceTransitionService.m */; };
		6C3F87EB1DCDF24D00CFC79B /* BLAppearance.m in Sources */ = {isa = PBXBuildFile; fileRef = 6C3F87EA1DCDF24D00CFC79B /* BLAppearance.m */; };
		6CA8EEF41DCDDFDA00F5340F /* BLSendNinePicStuatusViewController.m in Sources */ = {isa = PBXBuildFile; fileRef = 6CA8EEF31DCDDFDA00F5340F /* BLSendNinePicStuatusViewController.m */; };
		6CA8EEF91DCDDFFF00F5340F /* BLNinePicAddCollectionViewCell.m in Sources */ = {isa = PBXBuildFile; fileRef = 6CA8EEF61DCDDFFF00F5340F /* BLNinePicAddCollectionViewCell.m */; };
		6CA8EEFA1DCDDFFF00F5340F /* BLNinePicCollectionViewCell.m in Sources */ = {isa = PBXBuildFile; fileRef = 6CA8EEF81DCDDFFF00F5340F /* BLNinePicCollectionViewCell.m */; };
		6CA8EF011DCDE1A200F5340F /* UITextField+LengthLimit.m in Sources */ = {isa = PBXBuildFile; fileRef = 6CA8EEFE1DCDE1A200F5340F /* UITextField+LengthLimit.m */; };
		6CA8EF021DCDE1A200F5340F /* UITextView+LengthLimit.m in Sources */ = {isa = PBXBuildFile; fileRef = 6CA8EF001DCDE1A200F5340F /* UITextView+LengthLimit.m */; };
/* End PBXBuildFile section */

/* Begin PBXContainerItemProxy section */
		6003F5B3195388D20070C39A /* PBXContainerItemProxy */ = {
			isa = PBXContainerItemProxy;
			containerPortal = 6003F582195388D10070C39A /* Project object */;
			proxyType = 1;
			remoteGlobalIDString = 6003F589195388D20070C39A;
			remoteInfo = BLPhotoAssetPickerController;
		};
/* End PBXContainerItemProxy section */

/* Begin PBXFileReference section */
		47CE62516B5D1EFB9FAC2E23 /* Pods-BLPhotoAssetPickerController_Tests.debug.xcconfig */ = {isa = PBXFileReference; includeInIndex = 1; lastKnownFileType = text.xcconfig; name = "Pods-BLPhotoAssetPickerController_Tests.debug.xcconfig"; path = "Pods/Target Support Files/Pods-BLPhotoAssetPickerController_Tests/Pods-BLPhotoAssetPickerController_Tests.debug.xcconfig"; sourceTree = "<group>"; };
		50C12E35CAF15CA6542AD67E /* Pods_BLPhotoAssetPickerController_Example.framework */ = {isa = PBXFileReference; explicitFileType = wrapper.framework; includeInIndex = 0; path = Pods_BLPhotoAssetPickerController_Example.framework; sourceTree = BUILT_PRODUCTS_DIR; };
		5D28670781621B1DD283B1CE /* README.md */ = {isa = PBXFileReference; includeInIndex = 1; lastKnownFileType = net.daringfireball.markdown; name = README.md; path = ../README.md; sourceTree = "<group>"; };
		6003F58A195388D20070C39A /* BLPhotoAssetPickerController_Example.app */ = {isa = PBXFileReference; explicitFileType = wrapper.application; includeInIndex = 0; path = BLPhotoAssetPickerController_Example.app; sourceTree = BUILT_PRODUCTS_DIR; };
		6003F58D195388D20070C39A /* Foundation.framework */ = {isa = PBXFileReference; lastKnownFileType = wrapper.framework; name = Foundation.framework; path = System/Library/Frameworks/Foundation.framework; sourceTree = SDKROOT; };
		6003F58F195388D20070C39A /* CoreGraphics.framework */ = {isa = PBXFileReference; lastKnownFileType = wrapper.framework; name = CoreGraphics.framework; path = System/Library/Frameworks/CoreGraphics.framework; sourceTree = SDKROOT; };
		6003F591195388D20070C39A /* UIKit.framework */ = {isa = PBXFileReference; lastKnownFileType = wrapper.framework; name = UIKit.framework; path = System/Library/Frameworks/UIKit.framework; sourceTree = SDKROOT; };
		6003F595195388D20070C39A /* BLPhotoAssetPickerController-Info.plist */ = {isa = PBXFileReference; lastKnownFileType = text.plist.xml; path = "BLPhotoAssetPickerController-Info.plist"; sourceTree = "<group>"; };
		6003F597195388D20070C39A /* en */ = {isa = PBXFileReference; lastKnownFileType = text.plist.strings; name = en; path = en.lproj/InfoPlist.strings; sourceTree = "<group>"; };
		6003F599195388D20070C39A /* main.m */ = {isa = PBXFileReference; lastKnownFileType = sourcecode.c.objc; path = main.m; sourceTree = "<group>"; };
		6003F59B195388D20070C39A /* BLPhotoAssetPickerController-Prefix.pch */ = {isa = PBXFileReference; lastKnownFileType = sourcecode.c.h; path = "BLPhotoAssetPickerController-Prefix.pch"; sourceTree = "<group>"; };
		6003F59C195388D20070C39A /* BLAppDelegate.h */ = {isa = PBXFileReference; lastKnownFileType = sourcecode.c.h; path = BLAppDelegate.h; sourceTree = "<group>"; };
		6003F59D195388D20070C39A /* BLAppDelegate.m */ = {isa = PBXFileReference; lastKnownFileType = sourcecode.c.objc; path = BLAppDelegate.m; sourceTree = "<group>"; };
		6003F5A8195388D20070C39A /* Images.xcassets */ = {isa = PBXFileReference; lastKnownFileType = folder.assetcatalog; path = Images.xcassets; sourceTree = "<group>"; };
		6003F5AE195388D20070C39A /* BLPhotoAssetPickerController_Tests.xctest */ = {isa = PBXFileReference; explicitFileType = wrapper.cfbundle; includeInIndex = 0; path = BLPhotoAssetPickerController_Tests.xctest; sourceTree = BUILT_PRODUCTS_DIR; };
		6003F5AF195388D20070C39A /* XCTest.framework */ = {isa = PBXFileReference; lastKnownFileType = wrapper.framework; name = XCTest.framework; path = Library/Frameworks/XCTest.framework; sourceTree = DEVELOPER_DIR; };
		6003F5B7195388D20070C39A /* Tests-Info.plist */ = {isa = PBXFileReference; lastKnownFileType = text.plist.xml; path = "Tests-Info.plist"; sourceTree = "<group>"; };
		6003F5B9195388D20070C39A /* en */ = {isa = PBXFileReference; lastKnownFileType = text.plist.strings; name = en; path = en.lproj/InfoPlist.strings; sourceTree = "<group>"; };
		6003F5BB195388D20070C39A /* Tests.m */ = {isa = PBXFileReference; lastKnownFileType = sourcecode.c.objc; path = Tests.m; sourceTree = "<group>"; };
		606FC2411953D9B200FFA9A0 /* Tests-Prefix.pch */ = {isa = PBXFileReference; lastKnownFileType = sourcecode.c.h; path = "Tests-Prefix.pch"; sourceTree = "<group>"; };
		6C3F87E41DCDEFB200CFC79B /* BLUserInterfaceTransitionService.h */ = {isa = PBXFileReference; fileEncoding = 4; lastKnownFileType = sourcecode.c.h; path = BLUserInterfaceTransitionService.h; sourceTree = "<group>"; };
		6C3F87E51DCDEFB200CFC79B /* BLUserInterfaceTransitionService.m */ = {isa = PBXFileReference; fileEncoding = 4; lastKnownFileType = sourcecode.c.objc; path = BLUserInterfaceTransitionService.m; sourceTree = "<group>"; };
		6C3F87E91DCDF24D00CFC79B /* BLAppearance.h */ = {isa = PBXFileReference; fileEncoding = 4; lastKnownFileType = sourcecode.c.h; path = BLAppearance.h; sourceTree = "<group>"; };
		6C3F87EA1DCDF24D00CFC79B /* BLAppearance.m */ = {isa = PBXFileReference; fileEncoding = 4; lastKnownFileType = sourcecode.c.objc; path = BLAppearance.m; sourceTree = "<group>"; };
		6CA8EEF21DCDDFDA00F5340F /* BLSendNinePicStuatusViewController.h */ = {isa = PBXFileReference; fileEncoding = 4; lastKnownFileType = sourcecode.c.h; path = BLSendNinePicStuatusViewController.h; sourceTree = "<group>"; };
		6CA8EEF31DCDDFDA00F5340F /* BLSendNinePicStuatusViewController.m */ = {isa = PBXFileReference; fileEncoding = 4; lastKnownFileType = sourcecode.c.objc; path = BLSendNinePicStuatusViewController.m; sourceTree = "<group>"; };
		6CA8EEF51DCDDFFF00F5340F /* BLNinePicAddCollectionViewCell.h */ = {isa = PBXFileReference; fileEncoding = 4; lastKnownFileType = sourcecode.c.h; path = BLNinePicAddCollectionViewCell.h; sourceTree = "<group>"; };
		6CA8EEF61DCDDFFF00F5340F /* BLNinePicAddCollectionViewCell.m */ = {isa = PBXFileReference; fileEncoding = 4; lastKnownFileType = sourcecode.c.objc; path = BLNinePicAddCollectionViewCell.m; sourceTree = "<group>"; };
		6CA8EEF71DCDDFFF00F5340F /* BLNinePicCollectionViewCell.h */ = {isa = PBXFileReference; fileEncoding = 4; lastKnownFileType = sourcecode.c.h; path = BLNinePicCollectionViewCell.h; sourceTree = "<group>"; };
		6CA8EEF81DCDDFFF00F5340F /* BLNinePicCollectionViewCell.m */ = {isa = PBXFileReference; fileEncoding = 4; lastKnownFileType = sourcecode.c.objc; path = BLNinePicCollectionViewCell.m; sourceTree = "<group>"; };
		6CA8EEFB1DCDE0C600F5340F /* Constants.h */ = {isa = PBXFileReference; lastKnownFileType = sourcecode.c.h; path = Constants.h; sourceTree = "<group>"; };
		6CA8EEFD1DCDE1A200F5340F /* UITextField+LengthLimit.h */ = {isa = PBXFileReference; fileEncoding = 4; lastKnownFileType = sourcecode.c.h; path = "UITextField+LengthLimit.h"; sourceTree = "<group>"; };
		6CA8EEFE1DCDE1A200F5340F /* UITextField+LengthLimit.m */ = {isa = PBXFileReference; fileEncoding = 4; lastKnownFileType = sourcecode.c.objc; path = "UITextField+LengthLimit.m"; sourceTree = "<group>"; };
		6CA8EEFF1DCDE1A200F5340F /* UITextView+LengthLimit.h */ = {isa = PBXFileReference; fileEncoding = 4; lastKnownFileType = sourcecode.c.h; path = "UITextView+LengthLimit.h"; sourceTree = "<group>"; };
		6CA8EF001DCDE1A200F5340F /* UITextView+LengthLimit.m */ = {isa = PBXFileReference; fileEncoding = 4; lastKnownFileType = sourcecode.c.objc; path = "UITextView+LengthLimit.m"; sourceTree = "<group>"; };
		A7C1CEF909FB7F591144FDBA /* BLPhotoAssetPickerController.podspec */ = {isa = PBXFileReference; includeInIndex = 1; lastKnownFileType = text; name = BLPhotoAssetPickerController.podspec; path = ../BLPhotoAssetPickerController.podspec; sourceTree = "<group>"; };
		CD5DBDB5840D72334D708D13 /* Pods-BLPhotoAssetPickerController_Example.release.xcconfig */ = {isa = PBXFileReference; includeInIndex = 1; lastKnownFileType = text.xcconfig; name = "Pods-BLPhotoAssetPickerController_Example.release.xcconfig"; path = "Pods/Target Support Files/Pods-BLPhotoAssetPickerController_Example/Pods-BLPhotoAssetPickerController_Example.release.xcconfig"; sourceTree = "<group>"; };
		CF28AEF083B671353A95F414 /* Pods-BLPhotoAssetPickerController_Example.debug.xcconfig */ = {isa = PBXFileReference; includeInIndex = 1; lastKnownFileType = text.xcconfig; name = "Pods-BLPhotoAssetPickerController_Example.debug.xcconfig"; path = "Pods/Target Support Files/Pods-BLPhotoAssetPickerController_Example/Pods-BLPhotoAssetPickerController_Example.debug.xcconfig"; sourceTree = "<group>"; };
		D6BA3D6115C903617F488801 /* LICENSE */ = {isa = PBXFileReference; includeInIndex = 1; lastKnownFileType = text; name = LICENSE; path = ../LICENSE; sourceTree = "<group>"; };
		E63C27B0B477AC2CD36A5B5E /* Pods_BLPhotoAssetPickerController_Tests.framework */ = {isa = PBXFileReference; explicitFileType = wrapper.framework; includeInIndex = 0; path = Pods_BLPhotoAssetPickerController_Tests.framework; sourceTree = BUILT_PRODUCTS_DIR; };
		E872893B61689A816906703A /* Pods-BLPhotoAssetPickerController_Tests.release.xcconfig */ = {isa = PBXFileReference; includeInIndex = 1; lastKnownFileType = text.xcconfig; name = "Pods-BLPhotoAssetPickerController_Tests.release.xcconfig"; path = "Pods/Target Support Files/Pods-BLPhotoAssetPickerController_Tests/Pods-BLPhotoAssetPickerController_Tests.release.xcconfig"; sourceTree = "<group>"; };
/* End PBXFileReference section */

/* Begin PBXFrameworksBuildPhase section */
		6003F587195388D20070C39A /* Frameworks */ = {
			isa = PBXFrameworksBuildPhase;
			buildActionMask = 2147483647;
			files = (
				6003F590195388D20070C39A /* CoreGraphics.framework in Frameworks */,
				6003F592195388D20070C39A /* UIKit.framework in Frameworks */,
				6003F58E195388D20070C39A /* Foundation.framework in Frameworks */,
				63723E7A92D4869DDCAFC7BF /* Pods_BLPhotoAssetPickerController_Example.framework in Frameworks */,
			);
			runOnlyForDeploymentPostprocessing = 0;
		};
		6003F5AB195388D20070C39A /* Frameworks */ = {
			isa = PBXFrameworksBuildPhase;
			buildActionMask = 2147483647;
			files = (
				6003F5B0195388D20070C39A /* XCTest.framework in Frameworks */,
				6003F5B2195388D20070C39A /* UIKit.framework in Frameworks */,
				6003F5B1195388D20070C39A /* Foundation.framework in Frameworks */,
				2EA384FC7A4D8E0C6176396D /* Pods_BLPhotoAssetPickerController_Tests.framework in Frameworks */,
			);
			runOnlyForDeploymentPostprocessing = 0;
		};
/* End PBXFrameworksBuildPhase section */

/* Begin PBXGroup section */
		6003F581195388D10070C39A = {
			isa = PBXGroup;
			children = (
				60FF7A9C1954A5C5007DD14C /* Podspec Metadata */,
				6003F593195388D20070C39A /* Example for BLPhotoAssetPickerController */,
				6003F5B5195388D20070C39A /* Tests */,
				6003F58C195388D20070C39A /* Frameworks */,
				6003F58B195388D20070C39A /* Products */,
				AE7479A8ED2E726168A63FAA /* Pods */,
			);
			sourceTree = "<group>";
		};
		6003F58B195388D20070C39A /* Products */ = {
			isa = PBXGroup;
			children = (
				6003F58A195388D20070C39A /* BLPhotoAssetPickerController_Example.app */,
				6003F5AE195388D20070C39A /* BLPhotoAssetPickerController_Tests.xctest */,
			);
			name = Products;
			sourceTree = "<group>";
		};
		6003F58C195388D20070C39A /* Frameworks */ = {
			isa = PBXGroup;
			children = (
				6003F58D195388D20070C39A /* Foundation.framework */,
				6003F58F195388D20070C39A /* CoreGraphics.framework */,
				6003F591195388D20070C39A /* UIKit.framework */,
				6003F5AF195388D20070C39A /* XCTest.framework */,
				50C12E35CAF15CA6542AD67E /* Pods_BLPhotoAssetPickerController_Example.framework */,
				E63C27B0B477AC2CD36A5B5E /* Pods_BLPhotoAssetPickerController_Tests.framework */,
			);
			name = Frameworks;
			sourceTree = "<group>";
		};
		6003F593195388D20070C39A /* Example for BLPhotoAssetPickerController */ = {
			isa = PBXGroup;
			children = (
				6CA8EEFC1DCDE17500F5340F /* Category */,
				6003F59C195388D20070C39A /* BLAppDelegate.h */,
				6003F59D195388D20070C39A /* BLAppDelegate.m */,
				6CA8EEF21DCDDFDA00F5340F /* BLSendNinePicStuatusViewController.h */,
				6CA8EEF31DCDDFDA00F5340F /* BLSendNinePicStuatusViewController.m */,
				6CA8EEF51DCDDFFF00F5340F /* BLNinePicAddCollectionViewCell.h */,
				6CA8EEF61DCDDFFF00F5340F /* BLNinePicAddCollectionViewCell.m */,
				6CA8EEF71DCDDFFF00F5340F /* BLNinePicCollectionViewCell.h */,
				6CA8EEF81DCDDFFF00F5340F /* BLNinePicCollectionViewCell.m */,
				6C3F87E41DCDEFB200CFC79B /* BLUserInterfaceTransitionService.h */,
				6C3F87E51DCDEFB200CFC79B /* BLUserInterfaceTransitionService.m */,
				6C3F87E91DCDF24D00CFC79B /* BLAppearance.h */,
				6C3F87EA1DCDF24D00CFC79B /* BLAppearance.m */,
				6003F5A8195388D20070C39A /* Images.xcassets */,
				6003F594195388D20070C39A /* Supporting Files */,
			);
			name = "Example for BLPhotoAssetPickerController";
			path = BLPhotoAssetPickerController;
			sourceTree = "<group>";
		};
		6003F594195388D20070C39A /* Supporting Files */ = {
			isa = PBXGroup;
			children = (
				6003F595195388D20070C39A /* BLPhotoAssetPickerController-Info.plist */,
				6003F596195388D20070C39A /* InfoPlist.strings */,
				6003F599195388D20070C39A /* main.m */,
				6003F59B195388D20070C39A /* BLPhotoAssetPickerController-Prefix.pch */,
				6CA8EEFB1DCDE0C600F5340F /* Constants.h */,
			);
			name = "Supporting Files";
			sourceTree = "<group>";
		};
		6003F5B5195388D20070C39A /* Tests */ = {
			isa = PBXGroup;
			children = (
				6003F5BB195388D20070C39A /* Tests.m */,
				6003F5B6195388D20070C39A /* Supporting Files */,
			);
			path = Tests;
			sourceTree = "<group>";
		};
		6003F5B6195388D20070C39A /* Supporting Files */ = {
			isa = PBXGroup;
			children = (
				6003F5B7195388D20070C39A /* Tests-Info.plist */,
				6003F5B8195388D20070C39A /* InfoPlist.strings */,
				606FC2411953D9B200FFA9A0 /* Tests-Prefix.pch */,
			);
			name = "Supporting Files";
			sourceTree = "<group>";
		};
		60FF7A9C1954A5C5007DD14C /* Podspec Metadata */ = {
			isa = PBXGroup;
			children = (
				A7C1CEF909FB7F591144FDBA /* BLPhotoAssetPickerController.podspec */,
				5D28670781621B1DD283B1CE /* README.md */,
				D6BA3D6115C903617F488801 /* LICENSE */,
			);
			name = "Podspec Metadata";
			sourceTree = "<group>";
		};
		6CA8EEFC1DCDE17500F5340F /* Category */ = {
			isa = PBXGroup;
			children = (
				6CA8EEFD1DCDE1A200F5340F /* UITextField+LengthLimit.h */,
				6CA8EEFE1DCDE1A200F5340F /* UITextField+LengthLimit.m */,
				6CA8EEFF1DCDE1A200F5340F /* UITextView+LengthLimit.h */,
				6CA8EF001DCDE1A200F5340F /* UITextView+LengthLimit.m */,
			);
			path = Category;
			sourceTree = "<group>";
		};
		AE7479A8ED2E726168A63FAA /* Pods */ = {
			isa = PBXGroup;
			children = (
				CF28AEF083B671353A95F414 /* Pods-BLPhotoAssetPickerController_Example.debug.xcconfig */,
				CD5DBDB5840D72334D708D13 /* Pods-BLPhotoAssetPickerController_Example.release.xcconfig */,
				47CE62516B5D1EFB9FAC2E23 /* Pods-BLPhotoAssetPickerController_Tests.debug.xcconfig */,
				E872893B61689A816906703A /* Pods-BLPhotoAssetPickerController_Tests.release.xcconfig */,
			);
			name = Pods;
			sourceTree = "<group>";
		};
/* End PBXGroup section */

/* Begin PBXNativeTarget section */
		6003F589195388D20070C39A /* BLPhotoAssetPickerController_Example */ = {
			isa = PBXNativeTarget;
			buildConfigurationList = 6003F5BF195388D20070C39A /* Build configuration list for PBXNativeTarget "BLPhotoAssetPickerController_Example" */;
			buildPhases = (
				DF61B5D1437D389A37EF38E3 /* [CP] Check Pods Manifest.lock */,
				6003F586195388D20070C39A /* Sources */,
				6003F587195388D20070C39A /* Frameworks */,
				6003F588195388D20070C39A /* Resources */,
				AC6AEB9C1AEEA2E43EF14A9A /* [CP] Embed Pods Frameworks */,
				7534C94422CBC947FE4DEEF6 /* [CP] Copy Pods Resources */,
			);
			buildRules = (
			);
			dependencies = (
			);
			name = BLPhotoAssetPickerController_Example;
			productName = BLPhotoAssetPickerController;
			productReference = 6003F58A195388D20070C39A /* BLPhotoAssetPickerController_Example.app */;
			productType = "com.apple.product-type.application";
		};
		6003F5AD195388D20070C39A /* BLPhotoAssetPickerController_Tests */ = {
			isa = PBXNativeTarget;
			buildConfigurationList = 6003F5C2195388D20070C39A /* Build configuration list for PBXNativeTarget "BLPhotoAssetPickerController_Tests" */;
			buildPhases = (
				44551D898E62E5B32CB28B85 /* [CP] Check Pods Manifest.lock */,
				6003F5AA195388D20070C39A /* Sources */,
				6003F5AB195388D20070C39A /* Frameworks */,
				6003F5AC195388D20070C39A /* Resources */,
				D1402562CCAFD6B35665F42A /* [CP] Embed Pods Frameworks */,
				32DC11543A58B8BF44E7A64D /* [CP] Copy Pods Resources */,
			);
			buildRules = (
			);
			dependencies = (
				6003F5B4195388D20070C39A /* PBXTargetDependency */,
			);
			name = BLPhotoAssetPickerController_Tests;
			productName = BLPhotoAssetPickerControllerTests;
			productReference = 6003F5AE195388D20070C39A /* BLPhotoAssetPickerController_Tests.xctest */;
			productType = "com.apple.product-type.bundle.unit-test";
		};
/* End PBXNativeTarget section */

/* Begin PBXProject section */
		6003F582195388D10070C39A /* Project object */ = {
			isa = PBXProject;
			attributes = {
				CLASSPREFIX = BL;
				LastUpgradeCheck = 0720;
				ORGANIZATIONNAME = guangmingzizai;
				TargetAttributes = {
					6003F589195388D20070C39A = {
						DevelopmentTeam = WT4LUW6PCP;
					};
					6003F5AD195388D20070C39A = {
						TestTargetID = 6003F589195388D20070C39A;
					};
				};
			};
			buildConfigurationList = 6003F585195388D10070C39A /* Build configuration list for PBXProject "BLPhotoAssetPickerController" */;
			compatibilityVersion = "Xcode 3.2";
			developmentRegion = English;
			hasScannedForEncodings = 0;
			knownRegions = (
				en,
				Base,
			);
			mainGroup = 6003F581195388D10070C39A;
			productRefGroup = 6003F58B195388D20070C39A /* Products */;
			projectDirPath = "";
			projectRoot = "";
			targets = (
				6003F589195388D20070C39A /* BLPhotoAssetPickerController_Example */,
				6003F5AD195388D20070C39A /* BLPhotoAssetPickerController_Tests */,
			);
		};
/* End PBXProject section */

/* Begin PBXResourcesBuildPhase section */
		6003F588195388D20070C39A /* Resources */ = {
			isa = PBXResourcesBuildPhase;
			buildActionMask = 2147483647;
			files = (
				6003F5A9195388D20070C39A /* Images.xcassets in Resources */,
				6003F598195388D20070C39A /* InfoPlist.strings in Resources */,
			);
			runOnlyForDeploymentPostprocessing = 0;
		};
		6003F5AC195388D20070C39A /* Resources */ = {
			isa = PBXResourcesBuildPhase;
			buildActionMask = 2147483647;
			files = (
				6003F5BA195388D20070C39A /* InfoPlist.strings in Resources */,
			);
			runOnlyForDeploymentPostprocessing = 0;
		};
/* End PBXResourcesBuildPhase section */

/* Begin PBXShellScriptBuildPhase section */
		32DC11543A58B8BF44E7A64D /* [CP] Copy Pods Resources */ = {
			isa = PBXShellScriptBuildPhase;
			buildActionMask = 2147483647;
			files = (
			);
			inputPaths = (
			);
			name = "[CP] Copy Pods Resources";
			outputPaths = (
			);
			runOnlyForDeploymentPostprocessing = 0;
			shellPath = /bin/sh;
			shellScript = "\"${SRCROOT}/Pods/Target Support Files/Pods-BLPhotoAssetPickerController_Tests/Pods-BLPhotoAssetPickerController_Tests-resources.sh\"\n";
			showEnvVarsInLog = 0;
		};
		44551D898E62E5B32CB28B85 /* [CP] Check Pods Manifest.lock */ = {
			isa = PBXShellScriptBuildPhase;
			buildActionMask = 2147483647;
			files = (
			);
			inputPaths = (
			);
			name = "[CP] Check Pods Manifest.lock";
			outputPaths = (
			);
			runOnlyForDeploymentPostprocessing = 0;
			shellPath = /bin/sh;
			shellScript = "diff \"${PODS_ROOT}/../Podfile.lock\" \"${PODS_ROOT}/Manifest.lock\" > /dev/null\nif [ $? != 0 ] ; then\n    # print error to STDERR\n    echo \"error: The sandbox is not in sync with the Podfile.lock. Run 'pod install' or update your CocoaPods installation.\" >&2\n    exit 1\nfi\n";
			showEnvVarsInLog = 0;
		};
		7534C94422CBC947FE4DEEF6 /* [CP] Copy Pods Resources */ = {
			isa = PBXShellScriptBuildPhase;
			buildActionMask = 2147483647;
			files = (
			);
			inputPaths = (
			);
			name = "[CP] Copy Pods Resources";
			outputPaths = (
			);
			runOnlyForDeploymentPostprocessing = 0;
			shellPath = /bin/sh;
			shellScript = "\"${SRCROOT}/Pods/Target Support Files/Pods-BLPhotoAssetPickerController_Example/Pods-BLPhotoAssetPickerController_Example-resources.sh\"\n";
			showEnvVarsInLog = 0;
		};
		AC6AEB9C1AEEA2E43EF14A9A /* [CP] Embed Pods Frameworks */ = {
			isa = PBXShellScriptBuildPhase;
			buildActionMask = 2147483647;
			files = (
			);
			inputPaths = (
			);
			name = "[CP] Embed Pods Frameworks";
			outputPaths = (
			);
			runOnlyForDeploymentPostprocessing = 0;
			shellPath = /bin/sh;
			shellScript = "\"${SRCROOT}/Pods/Target Support Files/Pods-BLPhotoAssetPickerController_Example/Pods-BLPhotoAssetPickerController_Example-frameworks.sh\"\n";
			showEnvVarsInLog = 0;
		};
		D1402562CCAFD6B35665F42A /* [CP] Embed Pods Frameworks */ = {
			isa = PBXShellScriptBuildPhase;
			buildActionMask = 2147483647;
			files = (
			);
			inputPaths = (
			);
			name = "[CP] Embed Pods Frameworks";
			outputPaths = (
			);
			runOnlyForDeploymentPostprocessing = 0;
			shellPath = /bin/sh;
			shellScript = "\"${SRCROOT}/Pods/Target Support Files/Pods-BLPhotoAssetPickerController_Tests/Pods-BLPhotoAssetPickerController_Tests-frameworks.sh\"\n";
			showEnvVarsInLog = 0;
		};
		DF61B5D1437D389A37EF38E3 /* [CP] Check Pods Manifest.lock */ = {
			isa = PBXShellScriptBuildPhase;
			buildActionMask = 2147483647;
			files = (
			);
			inputPaths = (
			);
			name = "[CP] Check Pods Manifest.lock";
			outputPaths = (
			);
			runOnlyForDeploymentPostprocessing = 0;
			shellPath = /bin/sh;
			shellScript = "diff \"${PODS_ROOT}/../Podfile.lock\" \"${PODS_ROOT}/Manifest.lock\" > /dev/null\nif [ $? != 0 ] ; then\n    # print error to STDERR\n    echo \"error: The sandbox is not in sync with the Podfile.lock. Run 'pod install' or update your CocoaPods installation.\" >&2\n    exit 1\nfi\n";
			showEnvVarsInLog = 0;
		};
/* End PBXShellScriptBuildPhase section */

/* Begin PBXSourcesBuildPhase section */
		6003F586195388D20070C39A /* Sources */ = {
			isa = PBXSourcesBuildPhase;
			buildActionMask = 2147483647;
			files = (
				6003F59E195388D20070C39A /* BLAppDelegate.m in Sources */,
				6CA8EF011DCDE1A200F5340F /* UITextField+LengthLimit.m in Sources */,
				6C3F87EB1DCDF24D00CFC79B /* BLAppearance.m in Sources */,
				6CA8EEF41DCDDFDA00F5340F /* BLSendNinePicStuatusViewController.m in Sources */,
				6C3F87E61DCDEFB200CFC79B /* BLUserInterfaceTransitionService.m in Sources */,
				6CA8EF021DCDE1A200F5340F /* UITextView+LengthLimit.m in Sources */,
				6CA8EEFA1DCDDFFF00F5340F /* BLNinePicCollectionViewCell.m in Sources */,
				6CA8EEF91DCDDFFF00F5340F /* BLNinePicAddCollectionViewCell.m in Sources */,
				6003F59A195388D20070C39A /* main.m in Sources */,
			);
			runOnlyForDeploymentPostprocessing = 0;
		};
		6003F5AA195388D20070C39A /* Sources */ = {
			isa = PBXSourcesBuildPhase;
			buildActionMask = 2147483647;
			files = (
				6003F5BC195388D20070C39A /* Tests.m in Sources */,
			);
			runOnlyForDeploymentPostprocessing = 0;
		};
/* End PBXSourcesBuildPhase section */

/* Begin PBXTargetDependency section */
		6003F5B4195388D20070C39A /* PBXTargetDependency */ = {
			isa = PBXTargetDependency;
			target = 6003F589195388D20070C39A /* BLPhotoAssetPickerController_Example */;
			targetProxy = 6003F5B3195388D20070C39A /* PBXContainerItemProxy */;
		};
/* End PBXTargetDependency section */

/* Begin PBXVariantGroup section */
		6003F596195388D20070C39A /* InfoPlist.strings */ = {
			isa = PBXVariantGroup;
			children = (
				6003F597195388D20070C39A /* en */,
			);
			name = InfoPlist.strings;
			sourceTree = "<group>";
		};
		6003F5B8195388D20070C39A /* InfoPlist.strings */ = {
			isa = PBXVariantGroup;
			children = (
				6003F5B9195388D20070C39A /* en */,
			);
			name = InfoPlist.strings;
			sourceTree = "<group>";
		};
/* End PBXVariantGroup section */

/* Begin XCBuildConfiguration section */
		6003F5BD195388D20070C39A /* Debug */ = {
			isa = XCBuildConfiguration;
			buildSettings = {
				ALWAYS_SEARCH_USER_PATHS = NO;
				CLANG_CXX_LANGUAGE_STANDARD = "gnu++0x";
				CLANG_CXX_LIBRARY = "libc++";
				CLANG_ENABLE_MODULES = YES;
				CLANG_ENABLE_OBJC_ARC = YES;
				CLANG_WARN_BOOL_CONVERSION = YES;
				CLANG_WARN_CONSTANT_CONVERSION = YES;
				CLANG_WARN_DIRECT_OBJC_ISA_USAGE = YES_ERROR;
				CLANG_WARN_EMPTY_BODY = YES;
				CLANG_WARN_ENUM_CONVERSION = YES;
				CLANG_WARN_INT_CONVERSION = YES;
				CLANG_WARN_OBJC_ROOT_CLASS = YES_ERROR;
				CLANG_WARN__DUPLICATE_METHOD_MATCH = YES;
				"CODE_SIGN_IDENTITY[sdk=iphoneos*]" = "iPhone Developer";
				COPY_PHASE_STRIP = NO;
				ENABLE_TESTABILITY = YES;
				GCC_C_LANGUAGE_STANDARD = gnu99;
				GCC_DYNAMIC_NO_PIC = NO;
				GCC_OPTIMIZATION_LEVEL = 0;
				GCC_PREPROCESSOR_DEFINITIONS = (
					"DEBUG=1",
					"$(inherited)",
				);
				GCC_SYMBOLS_PRIVATE_EXTERN = NO;
				GCC_WARN_64_TO_32_BIT_CONVERSION = YES;
				GCC_WARN_ABOUT_RETURN_TYPE = YES_ERROR;
				GCC_WARN_UNDECLARED_SELECTOR = YES;
				GCC_WARN_UNINITIALIZED_AUTOS = YES_AGGRESSIVE;
				GCC_WARN_UNUSED_FUNCTION = YES;
				GCC_WARN_UNUSED_VARIABLE = YES;
				IPHONEOS_DEPLOYMENT_TARGET = 8.3;
				ONLY_ACTIVE_ARCH = YES;
				SDKROOT = iphoneos;
				TARGETED_DEVICE_FAMILY = "1,2";
			};
			name = Debug;
		};
		6003F5BE195388D20070C39A /* Release */ = {
			isa = XCBuildConfiguration;
			buildSettings = {
				ALWAYS_SEARCH_USER_PATHS = NO;
				CLANG_CXX_LANGUAGE_STANDARD = "gnu++0x";
				CLANG_CXX_LIBRARY = "libc++";
				CLANG_ENABLE_MODULES = YES;
				CLANG_ENABLE_OBJC_ARC = YES;
				CLANG_WARN_BOOL_CONVERSION = YES;
				CLANG_WARN_CONSTANT_CONVERSION = YES;
				CLANG_WARN_DIRECT_OBJC_ISA_USAGE = YES_ERROR;
				CLANG_WARN_EMPTY_BODY = YES;
				CLANG_WARN_ENUM_CONVERSION = YES;
				CLANG_WARN_INT_CONVERSION = YES;
				CLANG_WARN_OBJC_ROOT_CLASS = YES_ERROR;
				CLANG_WARN__DUPLICATE_METHOD_MATCH = YES;
				"CODE_SIGN_IDENTITY[sdk=iphoneos*]" = "iPhone Developer";
				COPY_PHASE_STRIP = YES;
				ENABLE_NS_ASSERTIONS = NO;
				GCC_C_LANGUAGE_STANDARD = gnu99;
				GCC_WARN_64_TO_32_BIT_CONVERSION = YES;
				GCC_WARN_ABOUT_RETURN_TYPE = YES_ERROR;
				GCC_WARN_UNDECLARED_SELECTOR = YES;
				GCC_WARN_UNINITIALIZED_AUTOS = YES_AGGRESSIVE;
				GCC_WARN_UNUSED_FUNCTION = YES;
				GCC_WARN_UNUSED_VARIABLE = YES;
				IPHONEOS_DEPLOYMENT_TARGET = 8.3;
				SDKROOT = iphoneos;
				TARGETED_DEVICE_FAMILY = "1,2";
				VALIDATE_PRODUCT = YES;
			};
			name = Release;
		};
		6003F5C0195388D20070C39A /* Debug */ = {
			isa = XCBuildConfiguration;
			baseConfigurationReference = CF28AEF083B671353A95F414 /* Pods-BLPhotoAssetPickerController_Example.debug.xcconfig */;
			buildSettings = {
				ASSETCATALOG_COMPILER_APPICON_NAME = AppIcon;
				ASSETCATALOG_COMPILER_LAUNCHIMAGE_NAME = LaunchImage;
				DEVELOPMENT_TEAM = WT4LUW6PCP;
				GCC_PRECOMPILE_PREFIX_HEADER = YES;
				GCC_PREFIX_HEADER = "BLPhotoAssetPickerController/BLPhotoAssetPickerController-Prefix.pch";
				INFOPLIST_FILE = "BLPhotoAssetPickerController/BLPhotoAssetPickerController-Info.plist";
				MODULE_NAME = ExampleApp;
				PRODUCT_BUNDLE_IDENTIFIER = "org.cocoapods.demo.${PRODUCT_NAME:rfc1034identifier}";
				PRODUCT_NAME = "$(TARGET_NAME)";
				WRAPPER_EXTENSION = app;
			};
			name = Debug;
		};
		6003F5C1195388D20070C39A /* Release */ = {
			isa = XCBuildConfiguration;
			baseConfigurationReference = CD5DBDB5840D72334D708D13 /* Pods-BLPhotoAssetPickerController_Example.release.xcconfig */;
			buildSettings = {
				ASSETCATALOG_COMPILER_APPICON_NAME = AppIcon;
				ASSETCATALOG_COMPILER_LAUNCHIMAGE_NAME = LaunchImage;
				DEVELOPMENT_TEAM = WT4LUW6PCP;
				GCC_PRECOMPILE_PREFIX_HEADER = YES;
				GCC_PREFIX_HEADER = "BLPhotoAssetPickerController/BLPhotoAssetPickerController-Prefix.pch";
				INFOPLIST_FILE = "BLPhotoAssetPickerController/BLPhotoAssetPickerController-Info.plist";
				MODULE_NAME = ExampleApp;
				PRODUCT_BUNDLE_IDENTIFIER = "org.cocoapods.demo.${PRODUCT_NAME:rfc1034identifier}";
				PRODUCT_NAME = "$(TARGET_NAME)";
				WRAPPER_EXTENSION = app;
			};
			name = Release;
		};
		6003F5C3195388D20070C39A /* Debug */ = {
			isa = XCBuildConfiguration;
			baseConfigurationReference = 47CE62516B5D1EFB9FAC2E23 /* Pods-BLPhotoAssetPickerController_Tests.debug.xcconfig */;
			buildSettings = {
				BUNDLE_LOADER = "$(TEST_HOST)";
				FRAMEWORK_SEARCH_PATHS = (
					"$(SDKROOT)/Developer/Library/Frameworks",
					"$(inherited)",
					"$(DEVELOPER_FRAMEWORKS_DIR)",
				);
				GCC_PRECOMPILE_PREFIX_HEADER = YES;
				GCC_PREFIX_HEADER = "Tests/Tests-Prefix.pch";
				GCC_PREPROCESSOR_DEFINITIONS = (
					"DEBUG=1",
					"$(inherited)",
				);
				INFOPLIST_FILE = "Tests/Tests-Info.plist";
				PRODUCT_BUNDLE_IDENTIFIER = "org.cocoapods.demo.${PRODUCT_NAME:rfc1034identifier}";
				PRODUCT_NAME = "$(TARGET_NAME)";
				TEST_HOST = "$(BUILT_PRODUCTS_DIR)/BLPhotoAssetPickerController_Example.app/BLPhotoAssetPickerController_Example";
				WRAPPER_EXTENSION = xctest;
			};
			name = Debug;
		};
		6003F5C4195388D20070C39A /* Release */ = {
			isa = XCBuildConfiguration;
			baseConfigurationReference = E872893B61689A816906703A /* Pods-BLPhotoAssetPickerController_Tests.release.xcconfig */;
			buildSettings = {
				BUNDLE_LOADER = "$(TEST_HOST)";
				FRAMEWORK_SEARCH_PATHS = (
					"$(SDKROOT)/Developer/Library/Frameworks",
					"$(inherited)",
					"$(DEVELOPER_FRAMEWORKS_DIR)",
				);
				GCC_PRECOMPILE_PREFIX_HEADER = YES;
				GCC_PREFIX_HEADER = "Tests/Tests-Prefix.pch";
				INFOPLIST_FILE = "Tests/Tests-Info.plist";
				PRODUCT_BUNDLE_IDENTIFIER = "org.cocoapods.demo.${PRODUCT_NAME:rfc1034identifier}";
				PRODUCT_NAME = "$(TARGET_NAME)";
				TEST_HOST = "$(BUILT_PRODUCTS_DIR)/BLPhotoAssetPickerController_Example.app/BLPhotoAssetPickerController_Example";
				WRAPPER_EXTENSION = xctest;
			};
			name = Release;
		};
/* End XCBuildConfiguration section */

/* Begin XCConfigurationList section */
		6003F585195388D10070C39A /* Build configuration list for PBXProject "BLPhotoAssetPickerController" */ = {
			isa = XCConfigurationList;
			buildConfigurations = (
				6003F5BD195388D20070C39A /* Debug */,
				6003F5BE195388D20070C39A /* Release */,
			);
			defaultConfigurationIsVisible = 0;
			defaultConfigurationName = Release;
		};
		6003F5BF195388D20070C39A /* Build configuration list for PBXNativeTarget "BLPhotoAssetPickerController_Example" */ = {
			isa = XCConfigurationList;
			buildConfigurations = (
				6003F5C0195388D20070C39A /* Debug */,
				6003F5C1195388D20070C39A /* Release */,
			);
			defaultConfigurationIsVisible = 0;
			defaultConfigurationName = Release;
		};
		6003F5C2195388D20070C39A /* Build configuration list for PBXNativeTarget "BLPhotoAssetPickerController_Tests" */ = {
			isa = XCConfigurationList;
			buildConfigurations = (
				6003F5C3195388D20070C39A /* Debug */,
				6003F5C4195388D20070C39A /* Release */,
			);
			defaultConfigurationIsVisible = 0;
			defaultConfigurationName = Release;
		};
/* End XCConfigurationList section */
	};
	rootObject = 6003F582195388D10070C39A /* Project object */;
}
